
Microsoft Visual Studio Solution File, Format Version 12.00
# Visual Studio Version 17
VisualStudioVersion = 17.8.34330.188
MinimumVisualStudioVersion = 10.0.40219.1
Project("{FAE04EC0-301F-11D3-BF4B-00C04F79EFBC}") = "ConsoleApp1", "ConsoleApp1\ConsoleApp1.csproj", "{F33DB589-277E-474D-BB81-F141118D7D49}"
EndProject
Global
	GlobalSection(SolutionConfigurationPlatforms) = preSolution
		Debug|Any CPU = Debug|Any CPU
		Release|Any CPU = Release|Any CPU
	EndGlobalSection
	GlobalSection(ProjectConfigurationPlatforms) = postSolution
		{F33DB589-277E-474D-BB81-F141118D7D49}.Debug|Any CPU.ActiveCfg = Debug|Any CPU
		{F33DB589-277E-474D-BB81-F141118D7D49}.Debug|Any CPU.Build.0 = Debug|Any CPU
		{F33DB589-277E-474D-BB81-F141118D7D49}.Release|Any CPU.ActiveCfg = Release|Any CPU
		{F33DB589-277E-474D-BB81-F141118D7D49}.Release|Any CPU.Build.0 = Release|Any CPU
	EndGlobalSection
	GlobalSection(SolutionProperties) = preSolution
		HideSolutionNode = FALSE
	EndGlobalSection
	GlobalSection(ExtensibilityGlobals) = postSolution
		SolutionGuid = {07072EFD-EDBF-4A4C-A860-1D9A2B5967AE}
	EndGlobalSection
EndGlobal
